// !$*UTF8*$!
{
	archiveVersion = 1;
	classes = {
	};
	objectVersion = 50;
	objects = {

/* Begin PBXBuildFile section */
		CF59FB722457A9A500524C58 /* libvulkan.1.dylib in Frameworks */ = {isa = PBXBuildFile; fileRef = CFFE79D3244FC2FE00A3A869 /* libvulkan.1.dylib */; };
		CF59FB732457A9AB00524C58 /* libvulkan.1.dylib in CopyFiles */ = {isa = PBXBuildFile; fileRef = CFFE79D3244FC2FE00A3A869 /* libvulkan.1.dylib */; };
		CFEE95D12453B3680078112C /* libvulkan.1.2.135.dylib in Frameworks */ = {isa = PBXBuildFile; fileRef = CFFE79D5244FC30200A3A869 /* libvulkan.1.2.135.dylib */; };
		CFEE95D22453B3770078112C /* libvulkan.1.2.135.dylib in CopyFiles */ = {isa = PBXBuildFile; fileRef = CFFE79D5244FC30200A3A869 /* libvulkan.1.2.135.dylib */; };
		CFFE79C3244FBC1300A3A869 /* main.cpp in Sources */ = {isa = PBXBuildFile; fileRef = CFFE79C2244FBC1300A3A869 /* main.cpp */; };
		CFFE79D2244FC2AF00A3A869 /* libglfw.3.4.dylib in Frameworks */ = {isa = PBXBuildFile; fileRef = CFFE79D1244FC2AF00A3A869 /* libglfw.3.4.dylib */; };
		CFFE79D9244FC32200A3A869 /* libglfw.3.4.dylib in CopyFiles */ = {isa = PBXBuildFile; fileRef = CFFE79D1244FC2AF00A3A869 /* libglfw.3.4.dylib */; };
/* End PBXBuildFile section */

/* Begin PBXCopyFilesBuildPhase section */
		CFFE79BD244FBC1300A3A869 /* CopyFiles */ = {
			isa = PBXCopyFilesBuildPhase;
			buildActionMask = 12;
			dstPath = "";
			dstSubfolderSpec = 10;
			files = (
				CF59FB732457A9AB00524C58 /* libvulkan.1.dylib in CopyFiles */,
				CFEE95D22453B3770078112C /* libvulkan.1.2.135.dylib in CopyFiles */,
				CFFE79D9244FC32200A3A869 /* libglfw.3.4.dylib in CopyFiles */,
			);
			runOnlyForDeploymentPostprocessing = 0;
		};
/* End PBXCopyFilesBuildPhase section */

/* Begin PBXFileReference section */
		CFEE95CB2453A8350078112C /* shader.vert */ = {isa = PBXFileReference; lastKnownFileType = sourcecode.glsl; path = shader.vert; sourceTree = "<group>"; };
		CFEE95CC2453A84E0078112C /* shader.frag */ = {isa = PBXFileReference; fileEncoding = 4; lastKnownFileType = sourcecode.glsl; path = shader.frag; sourceTree = "<group>"; };
		CFFE79BF244FBC1300A3A869 /* VulkanTutorial */ = {isa = PBXFileReference; explicitFileType = "compiled.mach-o.executable"; includeInIndex = 0; path = VulkanTutorial; sourceTree = BUILT_PRODUCTS_DIR; };
		CFFE79C2244FBC1300A3A869 /* main.cpp */ = {isa = PBXFileReference; lastKnownFileType = sourcecode.cpp.cpp; path = main.cpp; sourceTree = "<group>"; };
		CFFE79CA244FBDEC00A3A869 /* libglfw.3.4.dylib */ = {isa = PBXFileReference; lastKnownFileType = "compiled.mach-o.dylib"; name = libglfw.3.4.dylib; path = "../../../../../usr/local/Cellar/glfw/HEAD-e65de29/lib/libglfw.3.4.dylib"; sourceTree = "<group>"; };
		CFFE79CC244FBE1400A3A869 /* libvulkan.1.2.135.dylib */ = {isa = PBXFileReference; lastKnownFileType = "compiled.mach-o.dylib"; name = libvulkan.1.2.135.dylib; path = "../../vulkansdk-macos-1.2.135.0/macOS/lib/libvulkan.1.2.135.dylib"; sourceTree = "<group>"; };
		CFFE79D1244FC2AF00A3A869 /* libglfw.3.4.dylib */ = {isa = PBXFileReference; lastKnownFileType = "compiled.mach-o.dylib"; name = libglfw.3.4.dylib; path = ../../../../../usr/local/lib/libglfw.3.4.dylib; sourceTree = "<group>"; };
		CFFE79D3244FC2FE00A3A869 /* libvulkan.1.dylib */ = {isa = PBXFileReference; lastKnownFileType = "compiled.mach-o.dylib"; name = libvulkan.1.dylib; path = ../../vulkansdk/macOS/lib/libvulkan.1.dylib; sourceTree = "<group>"; };
		CFFE79D5244FC30200A3A869 /* libvulkan.1.2.135.dylib */ = {isa = PBXFileReference; lastKnownFileType = "compiled.mach-o.dylib"; name = libvulkan.1.2.135.dylib; path = ../../vulkansdk/macOS/lib/libvulkan.1.2.135.dylib; sourceTree = "<group>"; };
/* End PBXFileReference section */

/* Begin PBXFrameworksBuildPhase section */
		CFFE79BC244FBC1300A3A869 /* Frameworks */ = {
			isa = PBXFrameworksBuildPhase;
			buildActionMask = 2147483647;
			files = (
				CFFE79D2244FC2AF00A3A869 /* libglfw.3.4.dylib in Frameworks */,
				CFEE95D12453B3680078112C /* libvulkan.1.2.135.dylib in Frameworks */,
				CF59FB722457A9A500524C58 /* libvulkan.1.dylib in Frameworks */,
			);
			runOnlyForDeploymentPostprocessing = 0;
		};
/* End PBXFrameworksBuildPhase section */

/* Begin PBXGroup section */
		CFEE95CA2453A8000078112C /* shaders */ = {
			isa = PBXGroup;
			children = (
				CFEE95CB2453A8350078112C /* shader.vert */,
				CFEE95CC2453A84E0078112C /* shader.frag */,
			);
			path = shaders;
			sourceTree = "<group>";
		};
		CFFE79B6244FBC1300A3A869 = {
			isa = PBXGroup;
			children = (
				CFFE79C1244FBC1300A3A869 /* VulkanTutorial */,
				CFFE79C0244FBC1300A3A869 /* Products */,
				CFFE79C9244FBDEB00A3A869 /* Frameworks */,
			);
			sourceTree = "<group>";
		};
		CFFE79C0244FBC1300A3A869 /* Products */ = {
			isa = PBXGroup;
			children = (
				CFFE79BF244FBC1300A3A869 /* VulkanTutorial */,
			);
			name = Products;
			sourceTree = "<group>";
		};
		CFFE79C1244FBC1300A3A869 /* VulkanTutorial */ = {
			isa = PBXGroup;
			children = (
				CFEE95CA2453A8000078112C /* shaders */,
				CFFE79C2244FBC1300A3A869 /* main.cpp */,
			);
			path = VulkanTutorial;
			sourceTree = "<group>";
		};
		CFFE79C9244FBDEB00A3A869 /* Frameworks */ = {
			isa = PBXGroup;
			children = (
				CFFE79D5244FC30200A3A869 /* libvulkan.1.2.135.dylib */,
				CFFE79D3244FC2FE00A3A869 /* libvulkan.1.dylib */,
				CFFE79D1244FC2AF00A3A869 /* libglfw.3.4.dylib */,
				CFFE79CC244FBE1400A3A869 /* libvulkan.1.2.135.dylib */,
				CFFE79CA244FBDEC00A3A869 /* libglfw.3.4.dylib */,
			);
			name = Frameworks;
			sourceTree = "<group>";
		};
/* End PBXGroup section */

/* Begin PBXNativeTarget section */
		CFFE79BE244FBC1300A3A869 /* VulkanTutorial */ = {
			isa = PBXNativeTarget;
			buildConfigurationList = CFFE79C6244FBC1300A3A869 /* Build configuration list for PBXNativeTarget "VulkanTutorial" */;
			buildPhases = (
				CFFE79BB244FBC1300A3A869 /* Sources */,
				CFFE79BC244FBC1300A3A869 /* Frameworks */,
				CFFE79BD244FBC1300A3A869 /* CopyFiles */,
				CFEE95D02453B2210078112C /* ShellScript */,
			);
			buildRules = (
			);
			dependencies = (
			);
			name = VulkanTutorial;
			productName = VulkanTutorial;
			productReference = CFFE79BF244FBC1300A3A869 /* VulkanTutorial */;
			productType = "com.apple.product-type.tool";
		};
/* End PBXNativeTarget section */

/* Begin PBXProject section */
		CFFE79B7244FBC1300A3A869 /* Project object */ = {
			isa = PBXProject;
			attributes = {
				LastUpgradeCheck = 1130;
				ORGANIZATIONNAME = "Tad Scritchfield";
				TargetAttributes = {
					CFFE79BE244FBC1300A3A869 = {
						CreatedOnToolsVersion = 11.3.1;
					};
				};
			};
			buildConfigurationList = CFFE79BA244FBC1300A3A869 /* Build configuration list for PBXProject "VulkanTutorial" */;
			compatibilityVersion = "Xcode 9.3";
			developmentRegion = en;
			hasScannedForEncodings = 0;
			knownRegions = (
				en,
				Base,
			);
			mainGroup = CFFE79B6244FBC1300A3A869;
			productRefGroup = CFFE79C0244FBC1300A3A869 /* Products */;
			projectDirPath = "";
			projectRoot = "";
			targets = (
				CFFE79BE244FBC1300A3A869 /* VulkanTutorial */,
			);
		};
/* End PBXProject section */

/* Begin PBXShellScriptBuildPhase section */
		CFEE95D02453B2210078112C /* ShellScript */ = {
			isa = PBXShellScriptBuildPhase;
			buildActionMask = 2147483647;
			files = (
			);
			inputFileListPaths = (
			);
			inputPaths = (
			);
			outputFileListPaths = (
			);
			outputPaths = (
			);
			runOnlyForDeploymentPostprocessing = 0;
			shellPath = /bin/sh;
			shellScript = "cd $SRCROOT/VulkanTutorial/shaders\n/Users/tscritch/Documents/vulkansdk/macOS/bin/glslangValidator -V shader.vert\n/Users/tscritch/Documents/vulkansdk/macOS/bin/glslangValidator -V shader.frag\n\nmkdir $TARGET_BUILD_DIR/$CONTENTS_FOLDER_PATH/shaders\nmv vert.spv $TARGET_BUILD_DIR/$CONTENTS_FOLDER_PATH/shaders/vert.spv\nmv frag.spv $TARGET_BUILD_DIR/$CONTENTS_FOLDER_PATH/shaders/frag.spv\n";
		};
/* End PBXShellScriptBuildPhase section */

/* Begin PBXSourcesBuildPhase section */
		CFFE79BB244FBC1300A3A869 /* Sources */ = {
			isa = PBXSourcesBuildPhase;
			buildActionMask = 2147483647;
			files = (
				CFFE79C3244FBC1300A3A869 /* main.cpp in Sources */,
			);
			runOnlyForDeploymentPostprocessing = 0;
		};
/* End PBXSourcesBuildPhase section */

/* Begin XCBuildConfiguration section */
		CFFE79C4244FBC1300A3A869 /* Debug */ = {
			isa = XCBuildConfiguration;
			buildSettings = {
				ALWAYS_SEARCH_USER_PATHS = NO;
				CLANG_ANALYZER_NONNULL = YES;
				CLANG_ANALYZER_NUMBER_OBJECT_CONVERSION = YES_AGGRESSIVE;
				CLANG_CXX_LANGUAGE_STANDARD = "gnu++14";
				CLANG_CXX_LIBRARY = "libc++";
				CLANG_ENABLE_MODULES = YES;
				CLANG_ENABLE_OBJC_ARC = YES;
				CLANG_ENABLE_OBJC_WEAK = YES;
				CLANG_WARN_BLOCK_CAPTURE_AUTORELEASING = YES;
				CLANG_WARN_BOOL_CONVERSION = YES;
				CLANG_WARN_COMMA = YES;
				CLANG_WARN_CONSTANT_CONVERSION = YES;
				CLANG_WARN_DEPRECATED_OBJC_IMPLEMENTATIONS = YES;
				CLANG_WARN_DIRECT_OBJC_ISA_USAGE = YES_ERROR;
				CLANG_WARN_DOCUMENTATION_COMMENTS = YES;
				CLANG_WARN_EMPTY_BODY = YES;
				CLANG_WARN_ENUM_CONVERSION = YES;
				CLANG_WARN_INFINITE_RECURSION = YES;
				CLANG_WARN_INT_CONVERSION = YES;
				CLANG_WARN_NON_LITERAL_NULL_CONVERSION = YES;
				CLANG_WARN_OBJC_IMPLICIT_RETAIN_SELF = YES;
				CLANG_WARN_OBJC_LITERAL_CONVERSION = YES;
				CLANG_WARN_OBJC_ROOT_CLASS = YES_ERROR;
				CLANG_WARN_RANGE_LOOP_ANALYSIS = YES;
				CLANG_WARN_STRICT_PROTOTYPES = YES;
				CLANG_WARN_SUSPICIOUS_MOVE = YES;
				CLANG_WARN_UNGUARDED_AVAILABILITY = YES_AGGRESSIVE;
				CLANG_WARN_UNREACHABLE_CODE = YES;
				CLANG_WARN__DUPLICATE_METHOD_MATCH = YES;
				COPY_PHASE_STRIP = NO;
				DEBUG_INFORMATION_FORMAT = dwarf;
				ENABLE_STRICT_OBJC_MSGSEND = YES;
				ENABLE_TESTABILITY = YES;
				GCC_C_LANGUAGE_STANDARD = gnu11;
				GCC_DYNAMIC_NO_PIC = NO;
				GCC_NO_COMMON_BLOCKS = YES;
				GCC_OPTIMIZATION_LEVEL = 0;
				GCC_PREPROCESSOR_DEFINITIONS = (
					"DEBUG=1",
					"$(inherited)",
				);
				GCC_WARN_64_TO_32_BIT_CONVERSION = YES;
				GCC_WARN_ABOUT_RETURN_TYPE = YES_ERROR;
				GCC_WARN_UNDECLARED_SELECTOR = YES;
				GCC_WARN_UNINITIALIZED_AUTOS = YES_AGGRESSIVE;
				GCC_WARN_UNUSED_FUNCTION = YES;
				GCC_WARN_UNUSED_VARIABLE = YES;
				HEADER_SEARCH_PATHS = (
					/usr/local/include,
					/Users/tscritch/Documents/vulkansdk/macOS/include,
				);
				LIBRARY_SEARCH_PATHS = (
					/usr/local/lib,
					/Users/tscritch/Documents/vulkansdk/macOS/lib,
				);
				MACOSX_DEPLOYMENT_TARGET = 10.14;
				MTL_ENABLE_DEBUG_INFO = INCLUDE_SOURCE;
				MTL_FAST_MATH = YES;
				ONLY_ACTIVE_ARCH = YES;
				SDKROOT = macosx;
				USER_HEADER_SEARCH_PATHS = "";
			};
			name = Debug;
		};
		CFFE79C5244FBC1300A3A869 /* Release */ = {
			isa = XCBuildConfiguration;
			buildSettings = {
				ALWAYS_SEARCH_USER_PATHS = NO;
				CLANG_ANALYZER_NONNULL = YES;
				CLANG_ANALYZER_NUMBER_OBJECT_CONVERSION = YES_AGGRESSIVE;
				CLANG_CXX_LANGUAGE_STANDARD = "gnu++14";
				CLANG_CXX_LIBRARY = "libc++";
				CLANG_ENABLE_MODULES = YES;
				CLANG_ENABLE_OBJC_ARC = YES;
				CLANG_ENABLE_OBJC_WEAK = YES;
				CLANG_WARN_BLOCK_CAPTURE_AUTORELEASING = YES;
				CLANG_WARN_BOOL_CONVERSION = YES;
				CLANG_WARN_COMMA = YES;
				CLANG_WARN_CONSTANT_CONVERSION = YES;
				CLANG_WARN_DEPRECATED_OBJC_IMPLEMENTATIONS = YES;
				CLANG_WARN_DIRECT_OBJC_ISA_USAGE = YES_ERROR;
				CLANG_WARN_DOCUMENTATION_COMMENTS = YES;
				CLANG_WARN_EMPTY_BODY = YES;
				CLANG_WARN_ENUM_CONVERSION = YES;
				CLANG_WARN_INFINITE_RECURSION = YES;
				CLANG_WARN_INT_CONVERSION = YES;
				CLANG_WARN_NON_LITERAL_NULL_CONVERSION = YES;
				CLANG_WARN_OBJC_IMPLICIT_RETAIN_SELF = YES;
				CLANG_WARN_OBJC_LITERAL_CONVERSION = YES;
				CLANG_WARN_OBJC_ROOT_CLASS = YES_ERROR;
				CLANG_WARN_RANGE_LOOP_ANALYSIS = YES;
				CLANG_WARN_STRICT_PROTOTYPES = YES;
				CLANG_WARN_SUSPICIOUS_MOVE = YES;
				CLANG_WARN_UNGUARDED_AVAILABILITY = YES_AGGRESSIVE;
				CLANG_WARN_UNREACHABLE_CODE = YES;
				CLANG_WARN__DUPLICATE_METHOD_MATCH = YES;
				COPY_PHASE_STRIP = NO;
				DEBUG_INFORMATION_FORMAT = "dwarf-with-dsym";
				ENABLE_NS_ASSERTIONS = NO;
				ENABLE_STRICT_OBJC_MSGSEND = YES;
				GCC_C_LANGUAGE_STANDARD = gnu11;
				GCC_NO_COMMON_BLOCKS = YES;
				GCC_WARN_64_TO_32_BIT_CONVERSION = YES;
				GCC_WARN_ABOUT_RETURN_TYPE = YES_ERROR;
				GCC_WARN_UNDECLARED_SELECTOR = YES;
				GCC_WARN_UNINITIALIZED_AUTOS = YES_AGGRESSIVE;
				GCC_WARN_UNUSED_FUNCTION = YES;
				GCC_WARN_UNUSED_VARIABLE = YES;
				HEADER_SEARCH_PATHS = (
					/usr/local/include,
					/Users/tscritch/Documents/vulkansdk/macOS/include,
				);
				LIBRARY_SEARCH_PATHS = (
					/usr/local/lib,
					/Users/tscritch/Documents/vulkansdk/macOS/lib,
				);
				MACOSX_DEPLOYMENT_TARGET = 10.14;
				MTL_ENABLE_DEBUG_INFO = NO;
				MTL_FAST_MATH = YES;
				SDKROOT = macosx;
				USER_HEADER_SEARCH_PATHS = "";
			};
			name = Release;
		};
		CFFE79C7244FBC1300A3A869 /* Debug */ = {
			isa = XCBuildConfiguration;
			buildSettings = {
				CLANG_CXX_LANGUAGE_STANDARD = "gnu++17";
				CODE_SIGN_STYLE = Automatic;
				LIBRARY_SEARCH_PATHS = (
					/usr/local/lib,
					/Users/tscritch/Documents/vulkansdk/macOS/lib,
				);
				PRODUCT_NAME = "$(TARGET_NAME)";
			};
			name = Debug;
		};
		CFFE79C8244FBC1300A3A869 /* Release */ = {
			isa = XCBuildConfiguration;
			buildSettings = {
				CLANG_CXX_LANGUAGE_STANDARD = "gnu++17";
				CODE_SIGN_STYLE = Automatic;
				LIBRARY_SEARCH_PATHS = (
					/usr/local/lib,
					/Users/tscritch/Documents/vulkansdk/macOS/lib,
				);
				PRODUCT_NAME = "$(TARGET_NAME)";
			};
			name = Release;
		};
/* End XCBuildConfiguration section */

/* Begin XCConfigurationList section */
		CFFE79BA244FBC1300A3A869 /* Build configuration list for PBXProject "VulkanTutorial" */ = {
			isa = XCConfigurationList;
			buildConfigurations = (
				CFFE79C4244FBC1300A3A869 /* Debug */,
				CFFE79C5244FBC1300A3A869 /* Release */,
			);
			defaultConfigurationIsVisible = 0;
			defaultConfigurationName = Release;
		};
		CFFE79C6244FBC1300A3A869 /* Build configuration list for PBXNativeTarget "VulkanTutorial" */ = {
			isa = XCConfigurationList;
			buildConfigurations = (
				CFFE79C7244FBC1300A3A869 /* Debug */,
				CFFE79C8244FBC1300A3A869 /* Release */,
			);
			defaultConfigurationIsVisible = 0;
			defaultConfigurationName = Release;
		};
/* End XCConfigurationList section */
	};
	rootObject = CFFE79B7244FBC1300A3A869 /* Project object */;
}
